{
  "requires": true,
  "lockfileVersion": 1,
  "dependencies": {
    "file-type": {
      "version": "6.2.0",
      "resolved": "https://registry.npmjs.org/file-type/-/file-type-6.2.0.tgz",
      "integrity": "sha512-YPcTBDV+2Tm0VqjybVd32MHdlEGAtuxS3VAYsumFokDSMG+ROT5wawGlnHDoz7bfMcMDt9hxuXvXwoKUx2fkOg=="
    },
    "image-type": {
      "version": "3.0.0",
      "resolved": "https://registry.npmjs.org/image-type/-/image-type-3.0.0.tgz",
      "integrity": "sha1-FQKvMTX5BuEiyHfDHpSve3qRRsU=",
      "requires": {
        "file-type": "4.4.0"
      },
      "dependencies": {
        "file-type": {
          "version": "4.4.0",
          "resolved": "https://registry.npmjs.org/file-type/-/file-type-4.4.0.tgz",
          "integrity": "sha1-G2AOX8ofvcboDApwxxyNul95BsU="
        }
      }
    }
  }
}
